<?xml version="1.0" encoding="utf-8"?>
<Project ToolsVersion="4.0" xmlns="http://schemas.microsoft.com/developer/msbuild/2003">
  <ItemGroup>
    <Filter Include="Source Files">
      <UniqueIdentifier>{67fbb4b5-9600-4c68-a143-f7194b71e171}</UniqueIdentifier>
    </Filter>
  </ItemGroup>
  <ItemGroup>
    <ClCompile Include="..\src\tools\apinames.c">
      <Filter>Source Files</Filter>
    </ClCompile>
  </ItemGroup>
</Project>