
Microsoft Visual Studio Solution File, Format Version 12.00
# Visual Studio 15
VisualStudioVersion = 15.0.28307.489
MinimumVisualStudioVersion = 12.0.30501.0
Project("{8BC9CEB8-8B4A-11D0-8D11-00A0C91BC942}") = "libfreetype2", "libfreetype2.vcxproj", "{E62DC439-DE3B-4F2F-84DF-B34E51FA1969}"
EndProject
Project("{2150E333-8FDC-42A3-9474-1A3956D46DE8}") = "pre-build (optional)", "pre-build (optional)", "{00E7B8A0-2B55-4E69-B426-016711025A27}"
EndProject
Project("{8BC9CEB8-8B4A-11D0-8D11-00A0C91BC942}") = "apinames", "apinames.vcxproj", "{1B4E62F7-3437-48D5-AAB2-CBBE3DE513ED}"
EndProject
Global
	GlobalSection(SolutionConfigurationPlatforms) = preSolution
		Debug|x64 = Debug|x64
		Debug|x86 = Debug|x86
		DebugDLL|x64 = DebugDLL|x64
		DebugDLL|x86 = DebugDLL|x86
		DebugDLLWinRT|x64 = DebugDLLWinRT|x64
		DebugDLLWinRT|x86 = DebugDLLWinRT|x86
		DebugWinRT|x64 = DebugWinRT|x64
		DebugWinRT|x86 = DebugWinRT|x86
		Release|x64 = Release|x64
		Release|x86 = Release|x86
		ReleaseDLL|x64 = ReleaseDLL|x64
		ReleaseDLL|x86 = ReleaseDLL|x86
		ReleaseDLLWinRT|x64 = ReleaseDLLWinRT|x64
		ReleaseDLLWinRT|x86 = ReleaseDLLWinRT|x86
		ReleaseWinRT|x64 = ReleaseWinRT|x64
		ReleaseWinRT|x86 = ReleaseWinRT|x86
	EndGlobalSection
	GlobalSection(ProjectConfigurationPlatforms) = postSolution
		{E62DC439-DE3B-4F2F-84DF-B34E51FA1969}.Debug|x64.ActiveCfg = Debug|x64
		{E62DC439-DE3B-4F2F-84DF-B34E51FA1969}.Debug|x64.Build.0 = Debug|x64
		{E62DC439-DE3B-4F2F-84DF-B34E51FA1969}.Debug|x86.ActiveCfg = Debug|Win32
		{E62DC439-DE3B-4F2F-84DF-B34E51FA1969}.Debug|x86.Build.0 = Debug|Win32
		{E62DC439-DE3B-4F2F-84DF-B34E51FA1969}.DebugDLL|x64.ActiveCfg = DebugDLL|x64
		{E62DC439-DE3B-4F2F-84DF-B34E51FA1969}.DebugDLL|x64.Build.0 = DebugDLL|x64
		{E62DC439-DE3B-4F2F-84DF-B34E51FA1969}.DebugDLL|x86.ActiveCfg = DebugDLL|Win32
		{E62DC439-DE3B-4F2F-84DF-B34E51FA1969}.DebugDLL|x86.Build.0 = DebugDLL|Win32
		{E62DC439-DE3B-4F2F-84DF-B34E51FA1969}.DebugDLLWinRT|x64.ActiveCfg = DebugDLLWinRT|x64
		{E62DC439-DE3B-4F2F-84DF-B34E51FA1969}.DebugDLLWinRT|x64.Build.0 = DebugDLLWinRT|x64
		{E62DC439-DE3B-4F2F-84DF-B34E51FA1969}.DebugDLLWinRT|x86.ActiveCfg = DebugDLLWinRT|Win32
		{E62DC439-DE3B-4F2F-84DF-B34E51FA1969}.DebugDLLWinRT|x86.Build.0 = DebugDLLWinRT|Win32
		{E62DC439-DE3B-4F2F-84DF-B34E51FA1969}.DebugWinRT|x64.ActiveCfg = DebugWinRT|x64
		{E62DC439-DE3B-4F2F-84DF-B34E51FA1969}.DebugWinRT|x64.Build.0 = DebugWinRT|x64
		{E62DC439-DE3B-4F2F-84DF-B34E51FA1969}.DebugWinRT|x86.ActiveCfg = DebugWinRT|Win32
		{E62DC439-DE3B-4F2F-84DF-B34E51FA1969}.DebugWinRT|x86.Build.0 = DebugWinRT|Win32
		{E62DC439-DE3B-4F2F-84DF-B34E51FA1969}.Release|x64.ActiveCfg = Release|x64
		{E62DC439-DE3B-4F2F-84DF-B34E51FA1969}.Release|x64.Build.0 = Release|x64
		{E62DC439-DE3B-4F2F-84DF-B34E51FA1969}.Release|x86.ActiveCfg = Release|Win32
		{E62DC439-DE3B-4F2F-84DF-B34E51FA1969}.Release|x86.Build.0 = Release|Win32
		{E62DC439-DE3B-4F2F-84DF-B34E51FA1969}.ReleaseDLL|x64.ActiveCfg = ReleaseDLL|x64
		{E62DC439-DE3B-4F2F-84DF-B34E51FA1969}.ReleaseDLL|x64.Build.0 = ReleaseDLL|x64
		{E62DC439-DE3B-4F2F-84DF-B34E51FA1969}.ReleaseDLL|x86.ActiveCfg = ReleaseDLL|Win32
		{E62DC439-DE3B-4F2F-84DF-B34E51FA1969}.ReleaseDLL|x86.Build.0 = ReleaseDLL|Win32
		{E62DC439-DE3B-4F2F-84DF-B34E51FA1969}.ReleaseDLLWinRT|x64.ActiveCfg = ReleaseDLLWinRT|x64
		{E62DC439-DE3B-4F2F-84DF-B34E51FA1969}.ReleaseDLLWinRT|x64.Build.0 = ReleaseDLLWinRT|x64
		{E62DC439-DE3B-4F2F-84DF-B34E51FA1969}.ReleaseDLLWinRT|x86.ActiveCfg = ReleaseDLLWinRT|Win32
		{E62DC439-DE3B-4F2F-84DF-B34E51FA1969}.ReleaseDLLWinRT|x86.Build.0 = ReleaseDLLWinRT|Win32
		{E62DC439-DE3B-4F2F-84DF-B34E51FA1969}.ReleaseWinRT|x64.ActiveCfg = ReleaseWinRT|x64
		{E62DC439-DE3B-4F2F-84DF-B34E51FA1969}.ReleaseWinRT|x64.Build.0 = ReleaseWinRT|x64
		{E62DC439-DE3B-4F2F-84DF-B34E51FA1969}.ReleaseWinRT|x86.ActiveCfg = ReleaseWinRT|Win32
		{E62DC439-DE3B-4F2F-84DF-B34E51FA1969}.ReleaseWinRT|x86.Build.0 = ReleaseWinRT|Win32
		{1B4E62F7-3437-48D5-AAB2-CBBE3DE513ED}.Debug|x64.ActiveCfg = Debug|x64
		{1B4E62F7-3437-48D5-AAB2-CBBE3DE513ED}.Debug|x86.ActiveCfg = Debug|Win32
		{1B4E62F7-3437-48D5-AAB2-CBBE3DE513ED}.DebugDLL|x64.ActiveCfg = Debug|x64
		{1B4E62F7-3437-48D5-AAB2-CBBE3DE513ED}.DebugDLL|x86.ActiveCfg = Debug|Win32
		{1B4E62F7-3437-48D5-AAB2-CBBE3DE513ED}.DebugDLLWinRT|x64.ActiveCfg = Debug|x64
		{1B4E62F7-3437-48D5-AAB2-CBBE3DE513ED}.DebugDLLWinRT|x86.ActiveCfg = Debug|Win32
		{1B4E62F7-3437-48D5-AAB2-CBBE3DE513ED}.DebugWinRT|x64.ActiveCfg = Debug|x64
		{1B4E62F7-3437-48D5-AAB2-CBBE3DE513ED}.DebugWinRT|x86.ActiveCfg = Debug|Win32
		{1B4E62F7-3437-48D5-AAB2-CBBE3DE513ED}.Release|x64.ActiveCfg = Release|x64
		{1B4E62F7-3437-48D5-AAB2-CBBE3DE513ED}.Release|x86.ActiveCfg = Release|Win32
		{1B4E62F7-3437-48D5-AAB2-CBBE3DE513ED}.ReleaseDLL|x64.ActiveCfg = Release|x64
		{1B4E62F7-3437-48D5-AAB2-CBBE3DE513ED}.ReleaseDLL|x86.ActiveCfg = Release|Win32
		{1B4E62F7-3437-48D5-AAB2-CBBE3DE513ED}.ReleaseDLLWinRT|x64.ActiveCfg = Release|x64
		{1B4E62F7-3437-48D5-AAB2-CBBE3DE513ED}.ReleaseDLLWinRT|x86.ActiveCfg = Release|Win32
		{1B4E62F7-3437-48D5-AAB2-CBBE3DE513ED}.ReleaseWinRT|x64.ActiveCfg = Release|x64
		{1B4E62F7-3437-48D5-AAB2-CBBE3DE513ED}.ReleaseWinRT|x86.ActiveCfg = Release|Win32
	EndGlobalSection
	GlobalSection(SolutionProperties) = preSolution
		HideSolutionNode = FALSE
	EndGlobalSection
	GlobalSection(NestedProjects) = preSolution
		{1B4E62F7-3437-48D5-AAB2-CBBE3DE513ED} = {00E7B8A0-2B55-4E69-B426-016711025A27}
	EndGlobalSection
	GlobalSection(ExtensibilityGlobals) = postSolution
		SolutionGuid = {7BFA0395-A09C-4C73-99ED-6731AB80181F}
	EndGlobalSection
EndGlobal
